
Microsoft Visual Studio Solution File, Format Version 12.00
# Visual Studio Version 16
VisualStudioVersion = 16.0.32602.291
MinimumVisualStudioVersion = 10.0.40219.1
Project("{FAE04EC0-301F-11D3-BF4B-00C04F79EFBC}") = "WindowsBixolon", "WindowsBixolon.csproj", "{CBF84033-21BE-48C4-B680-CE7248FFA7DD}"
EndProject
Global
	GlobalSection(SolutionConfigurationPlatforms) = preSolution
		Debug|Any CPU = Debug|Any CPU
		Release|Any CPU = Release|Any CPU
	EndGlobalSection
	GlobalSection(ProjectConfigurationPlatforms) = postSolution
		{CBF84033-21BE-48C4-B680-CE7248FFA7DD}.Debug|Any CPU.ActiveCfg = Debug|Any CPU
		{CBF84033-21BE-48C4-B680-CE7248FFA7DD}.Debug|Any CPU.Build.0 = Debug|Any CPU
		{CBF84033-21BE-48C4-B680-CE7248FFA7DD}.Release|Any CPU.ActiveCfg = Release|Any CPU
		{CBF84033-21BE-48C4-B680-CE7248FFA7DD}.Release|Any CPU.Build.0 = Release|Any CPU
	EndGlobalSection
	GlobalSection(SolutionProperties) = preSolution
		HideSolutionNode = FALSE
	EndGlobalSection
	GlobalSection(ExtensibilityGlobals) = postSolution
		SolutionGuid = {4EFDAA4B-B99A-43C3-812F-41B2C9EC6CA5}
	EndGlobalSection
EndGlobal
